
Microsoft Visual Studio Solution File, Format Version 12.00
# Visual Studio Version 17
VisualStudioVersion = 17.10.35013.160
MinimumVisualStudioVersion = 10.0.40219.1
Project("{FAE04EC0-301F-11D3-BF4B-00C04F79EFBC}") = "BCapplication", "BCapplication\BCapplication.csproj", "{F29DCB03-39FE-4D6B-80B3-3BFD158B5FEC}"
EndProject
Global
	GlobalSection(SolutionConfigurationPlatforms) = preSolution
		Debug|Any CPU = Debug|Any CPU
		Release|Any CPU = Release|Any CPU
	EndGlobalSection
	GlobalSection(ProjectConfigurationPlatforms) = postSolution
		{F29DCB03-39FE-4D6B-80B3-3BFD158B5FEC}.Debug|Any CPU.ActiveCfg = Debug|Any CPU
		{F29DCB03-39FE-4D6B-80B3-3BFD158B5FEC}.Debug|Any CPU.Build.0 = Debug|Any CPU
		{F29DCB03-39FE-4D6B-80B3-3BFD158B5FEC}.Release|Any CPU.ActiveCfg = Release|Any CPU
		{F29DCB03-39FE-4D6B-80B3-3BFD158B5FEC}.Release|Any CPU.Build.0 = Release|Any CPU
	EndGlobalSection
	GlobalSection(SolutionProperties) = preSolution
		HideSolutionNode = FALSE
	EndGlobalSection
	GlobalSection(ExtensibilityGlobals) = postSolution
		SolutionGuid = {159EDB43-AA47-4BA9-AA3C-4C07D698AA2F}
	EndGlobalSection
EndGlobal
